<?xml version="1.0" encoding="utf-8"?>
<Project ToolsVersion="4.0" xmlns="http://schemas.microsoft.com/developer/msbuild/2003">
  <ItemGroup>
    <Filter Include="源文件">
      <UniqueIdentifier>{4FC737F1-C7A5-4376-A066-2A32D752A2FF}</UniqueIdentifier>
      <Extensions>cpp;c;cc;cxx;def;odl;idl;hpj;bat;asm;asmx</Extensions>
    </Filter>
    <Filter Include="头文件">
      <UniqueIdentifier>{93995380-89BD-4b04-88EB-625FBE52EBFB}</UniqueIdentifier>
      <Extensions>h;hh;hpp;hxx;hm;inl;inc;ipp;xsd</Extensions>
    </Filter>
    <Filter Include="资源文件">
      <UniqueIdentifier>{67DA6AB6-F800-4c08-8B7A-83BB121AAD01}</UniqueIdentifier>
      <Extensions>rc;ico;cur;bmp;dlg;rc2;rct;bin;rgs;gif;jpg;jpeg;jpe;resx;tiff;tif;png;wav;mfcribbon-ms</Extensions>
    </Filter>
  </ItemGroup>
  <ItemGroup>
    <ClInclude Include="nn\nn.h">
      <Filter>头文件</Filter>
    </ClInclude>
    <ClInclude Include="solve.h">
      <Filter>头文件</Filter>
    </ClInclude>
    <ClInclude Include="utils.h">
      <Filter>头文件</Filter>
    </ClInclude>
    <ClInclude Include="fltk\Graph.h">
      <Filter>头文件</Filter>
    </ClInclude>
    <ClInclude Include="fltk\GUI.h">
      <Filter>头文件</Filter>
    </ClInclude>
    <ClInclude Include="fltk\Point.h">
      <Filter>头文件</Filter>
    </ClInclude>
    <ClInclude Include="fltk\Simple_window.h">
      <Filter>头文件</Filter>
    </ClInclude>
    <ClInclude Include="fltk\std_lib_facilities.h">
      <Filter>头文件</Filter>
    </ClInclude>
    <ClInclude Include="fltk\Window.h">
      <Filter>头文件</Filter>
    </ClInclude>
    <ClInclude Include="graph_utils.h">
      <Filter>头文件</Filter>
    </ClInclude>
  </ItemGroup>
  <ItemGroup>
    <ClCompile Include="nn\nn_functions.cpp">
      <Filter>源文件</Filter>
    </ClCompile>
    <ClCompile Include="nn\nn_grad.cpp">
      <Filter>源文件</Filter>
    </ClCompile>
    <ClCompile Include="nn\nn_matrix.cpp">
      <Filter>源文件</Filter>
    </ClCompile>
    <ClCompile Include="nn\nn_module.cpp">
      <Filter>源文件</Filter>
    </ClCompile>
    <ClCompile Include="nn\nn_tensor.cpp">
      <Filter>源文件</Filter>
    </ClCompile>
    <ClCompile Include="nn\nn_var.cpp">
      <Filter>源文件</Filter>
    </ClCompile>
    <ClCompile Include="data_reader.cpp">
      <Filter>源文件</Filter>
    </ClCompile>
    <ClCompile Include="fltk\Graph.cpp">
      <Filter>源文件</Filter>
    </ClCompile>
    <ClCompile Include="fltk\GUI.cpp">
      <Filter>源文件</Filter>
    </ClCompile>
    <ClCompile Include="fltk\Simple_window.cpp">
      <Filter>源文件</Filter>
    </ClCompile>
    <ClCompile Include="fltk\Window.cpp">
      <Filter>源文件</Filter>
    </ClCompile>
    <ClCompile Include="show_data.cpp">
      <Filter>源文件</Filter>
    </ClCompile>
    <ClCompile Include="data_analyzer.cpp">
      <Filter>源文件</Filter>
    </ClCompile>
    <ClCompile Include="demo.cpp">
      <Filter>源文件</Filter>
    </ClCompile>
  </ItemGroup>
</Project>